{
  "nodes": {
    "nix-flatpak": {
      "locked": {
        "lastModified": 1732285094,
        "narHash": "sha256-OD9tu/QN71OnEWtgvm9pXuQs+SGQtKnLHOGVRG5f9CU=",
        "owner": "gmodena",
        "repo": "nix-flatpak",
        "rev": "d3a763532be5d223bb3474642f089667a8091cdf",
        "type": "github"
      },
      "original": {
        "owner": "gmodena",
        "ref": "v0.5.0",
        "repo": "nix-flatpak",
        "type": "github"
      }
    },
    "nixos-hardware": {
      "locked": {
        "lastModified": 1734352517,
        "narHash": "sha256-mfv+J/vO4nqmIOlq8Y1rRW8hVsGH3M+I2ESMjhuebDs=",
        "owner": "nixos",
        "repo": "nixos-hardware",
        "rev": "b12e314726a4226298fe82776b4baeaa7bcf3dcd",
        "type": "github"
      },
      "original": {
        "owner": "nixos",
        "ref": "master",
        "repo": "nixos-hardware",
        "type": "github"
      }
    },
    "nixpkgs": {
      "locked": {
        "lastModified": 1734119587,
        "narHash": "sha256-AKU6qqskl0yf2+JdRdD0cfxX4b9x3KKV5RqA6wijmPM=",
        "owner": "nixos",
        "repo": "nixpkgs",
        "rev": "3566ab7246670a43abd2ffa913cc62dad9cdf7d5",
        "type": "github"
      },
      "original": {
        "owner": "nixos",
        "ref": "nixos-unstable",
        "repo": "nixpkgs",
        "type": "github"
      }
    },
    "nixpkgs_2": {
      "locked": {
        "lastModified": 0,
        "narHash": "sha256-Qn3nPMSopRQJgmvHzVqPcE3I03zJyl8cSbgnnltfFDY=",
        "path": "/nix/store/avxvalb7xf8x4avmrbcvn1vr5yy46kxs-source",
        "type": "path"
      },
      "original": {
        "id": "nixpkgs",
        "type": "indirect"
      }
    },
    "root": {
      "inputs": {
        "nix-flatpak": "nix-flatpak",
        "nixos-hardware": "nixos-hardware",
        "nixpkgs": "nixpkgs",
        "waveforms": "waveforms"
      }
    },
    "waveforms": {
      "inputs": {
        "nixpkgs": "nixpkgs_2"
      },
      "locked": {
        "lastModified": 1728376004,
        "narHash": "sha256-mTib24PapKexOaTUNsGiTtZFaXR2LYaQazVBGzlnAig=",
        "owner": "liff",
        "repo": "waveforms-flake",
        "rev": "1d58c63da1ce63a2896d13a3d66238ff9aca89e4",
        "type": "github"
      },
      "original": {
        "owner": "liff",
        "repo": "waveforms-flake",
        "type": "github"
      }
    }
  },
  "root": "root",
  "version": 7
}
